{
  "requires": true,
  "lockfileVersion": 1,
  "dependencies": {
    "formidable": {
      "version": "1.2.1",
      "resolved": "https://registry.npmjs.org/formidable/-/formidable-1.2.1.tgz",
      "integrity": "sha512-Fs9VRguL0gqGHkXS5GQiMCr1VhZBxz0JnJs4JmMp/2jL18Fmbzvv7vOFRU+U8TBkHEE/CX1qDXzJplVULgsLeg=="
    },
    "nodemailer": {
      "version": "4.6.4",
      "resolved": "https://registry.npmjs.org/nodemailer/-/nodemailer-4.6.4.tgz",
      "integrity": "sha512-SD4uuX7NMzZ5f5m1XHDd13J4UC3SmdJk8DsmU1g6Nrs5h3x9LcXr6EBPZIqXRJ3LrF7RdklzGhZRF/TuylTcLg=="
    },
    "upper-case": {
      "version": "1.1.3",
      "resolved": "https://registry.npmjs.org/upper-case/-/upper-case-1.1.3.tgz",
      "integrity": "sha1-9rRQHC7EzdJrp4vnIilh3ndiFZg="
    }
  }
}
